// !$*UTF8*$!
{
	archiveVersion = 1;
	classes = {
	};
	objectVersion = 46;
	objects = {

/* Begin PBXBuildFile section */
		3EDC56A41CF5F01700264346 /* AppDelegate.swift in Sources */ = {isa = PBXBuildFile; fileRef = 3EDC56A31CF5F01700264346 /* AppDelegate.swift */; };
		3EDC56A61CF5F01700264346 /* ViewController.swift in Sources */ = {isa = PBXBuildFile; fileRef = 3EDC56A51CF5F01700264346 /* ViewController.swift */; };
		3EDC56A91CF5F01700264346 /* Main.storyboard in Resources */ = {isa = PBXBuildFile; fileRef = 3EDC56A71CF5F01700264346 /* Main.storyboard */; };
		3EDC56AB1CF5F01700264346 /* Assets.xcassets in Resources */ = {isa = PBXBuildFile; fileRef = 3EDC56AA1CF5F01700264346 /* Assets.xcassets */; };
		3EDC56AE1CF5F01700264346 /* LaunchScreen.storyboard in Resources */ = {isa = PBXBuildFile; fileRef = 3EDC56AC1CF5F01700264346 /* LaunchScreen.storyboard */; };
		3EDC56B71CF5F04000264346 /* Post.swift in Sources */ = {isa = PBXBuildFile; fileRef = 3EDC56B61CF5F04000264346 /* Post.swift */; };
		3EDC56BA1CF5FB8200264346 /* PostCell.swift in Sources */ = {isa = PBXBuildFile; fileRef = 3EDC56B91CF5FB8200264346 /* PostCell.swift */; };
		3EDC56BD1CF6012A00264346 /* addPostVC.swift in Sources */ = {isa = PBXBuildFile; fileRef = 3EDC56BC1CF6012A00264346 /* addPostVC.swift */; };
		3EDC56C01CF60B1900264346 /* DataService.swift in Sources */ = {isa = PBXBuildFile; fileRef = 3EDC56BF1CF60B1900264346 /* DataService.swift */; };
/* End PBXBuildFile section */

/* Begin PBXFileReference section */
		3EDC56A01CF5F01700264346 /* my-hood.app */ = {isa = PBXFileReference; explicitFileType = wrapper.application; includeInIndex = 0; path = "my-hood.app"; sourceTree = BUILT_PRODUCTS_DIR; };
		3EDC56A31CF5F01700264346 /* AppDelegate.swift */ = {isa = PBXFileReference; lastKnownFileType = sourcecode.swift; path = AppDelegate.swift; sourceTree = "<group>"; };
		3EDC56A51CF5F01700264346 /* ViewController.swift */ = {isa = PBXFileReference; lastKnownFileType = sourcecode.swift; path = ViewController.swift; sourceTree = "<group>"; };
		3EDC56A81CF5F01700264346 /* Base */ = {isa = PBXFileReference; lastKnownFileType = file.storyboard; name = Base; path = Base.lproj/Main.storyboard; sourceTree = "<group>"; };
		3EDC56AA1CF5F01700264346 /* Assets.xcassets */ = {isa = PBXFileReference; lastKnownFileType = folder.assetcatalog; path = Assets.xcassets; sourceTree = "<group>"; };
		3EDC56AD1CF5F01700264346 /* Base */ = {isa = PBXFileReference; lastKnownFileType = file.storyboard; name = Base; path = Base.lproj/LaunchScreen.storyboard; sourceTree = "<group>"; };
		3EDC56AF1CF5F01700264346 /* Info.plist */ = {isa = PBXFileReference; lastKnownFileType = text.plist.xml; path = Info.plist; sourceTree = "<group>"; };
		3EDC56B61CF5F04000264346 /* Post.swift */ = {isa = PBXFileReference; fileEncoding = 4; lastKnownFileType = sourcecode.swift; path = Post.swift; sourceTree = "<group>"; };
		3EDC56B91CF5FB8200264346 /* PostCell.swift */ = {isa = PBXFileReference; fileEncoding = 4; lastKnownFileType = sourcecode.swift; path = PostCell.swift; sourceTree = "<group>"; };
		3EDC56BC1CF6012A00264346 /* addPostVC.swift */ = {isa = PBXFileReference; fileEncoding = 4; lastKnownFileType = sourcecode.swift; path = addPostVC.swift; sourceTree = "<group>"; };
		3EDC56BF1CF60B1900264346 /* DataService.swift */ = {isa = PBXFileReference; fileEncoding = 4; lastKnownFileType = sourcecode.swift; path = DataService.swift; sourceTree = "<group>"; };
/* End PBXFileReference section */

/* Begin PBXFrameworksBuildPhase section */
		3EDC569D1CF5F01700264346 /* Frameworks */ = {
			isa = PBXFrameworksBuildPhase;
			buildActionMask = 2147483647;
			files = (
			);
			runOnlyForDeploymentPostprocessing = 0;
		};
/* End PBXFrameworksBuildPhase section */

/* Begin PBXGroup section */
		3EDC56971CF5F01700264346 = {
			isa = PBXGroup;
			children = (
				3EDC56A21CF5F01700264346 /* my-hood */,
				3EDC56A11CF5F01700264346 /* Products */,
			);
			sourceTree = "<group>";
		};
		3EDC56A11CF5F01700264346 /* Products */ = {
			isa = PBXGroup;
			children = (
				3EDC56A01CF5F01700264346 /* my-hood.app */,
			);
			name = Products;
			sourceTree = "<group>";
		};
		3EDC56A21CF5F01700264346 /* my-hood */ = {
			isa = PBXGroup;
			children = (
				3EDC56BE1CF60B0600264346 /* services */,
				3EDC56B51CF5F02B00264346 /* model */,
				3EDC56B81CF5FB6100264346 /* View */,
				3EDC56BB1CF600EF00264346 /* Controller */,
				3EDC56A31CF5F01700264346 /* AppDelegate.swift */,
				3EDC56AA1CF5F01700264346 /* Assets.xcassets */,
				3EDC56AF1CF5F01700264346 /* Info.plist */,
			);
			path = "my-hood";
			sourceTree = "<group>";
		};
		3EDC56B51CF5F02B00264346 /* model */ = {
			isa = PBXGroup;
			children = (
				3EDC56B61CF5F04000264346 /* Post.swift */,
			);
			name = model;
			sourceTree = "<group>";
		};
		3EDC56B81CF5FB6100264346 /* View */ = {
			isa = PBXGroup;
			children = (
				3EDC56A71CF5F01700264346 /* Main.storyboard */,
				3EDC56B91CF5FB8200264346 /* PostCell.swift */,
				3EDC56AC1CF5F01700264346 /* LaunchScreen.storyboard */,
			);
			name = View;
			sourceTree = "<group>";
		};
		3EDC56BB1CF600EF00264346 /* Controller */ = {
			isa = PBXGroup;
			children = (
				3EDC56A51CF5F01700264346 /* ViewController.swift */,
				3EDC56BC1CF6012A00264346 /* addPostVC.swift */,
			);
			name = Controller;
			sourceTree = "<group>";
		};
		3EDC56BE1CF60B0600264346 /* services */ = {
			isa = PBXGroup;
			children = (
				3EDC56BF1CF60B1900264346 /* DataService.swift */,
			);
			name = services;
			sourceTree = "<group>";
		};
/* End PBXGroup section */

/* Begin PBXNativeTarget section */
		3EDC569F1CF5F01700264346 /* my-hood */ = {
			isa = PBXNativeTarget;
			buildConfigurationList = 3EDC56B21CF5F01700264346 /* Build configuration list for PBXNativeTarget "my-hood" */;
			buildPhases = (
				3EDC569C1CF5F01700264346 /* Sources */,
				3EDC569D1CF5F01700264346 /* Frameworks */,
				3EDC569E1CF5F01700264346 /* Resources */,
			);
			buildRules = (
			);
			dependencies = (
			);
			name = "my-hood";
			productName = "my-hood";
			productReference = 3EDC56A01CF5F01700264346 /* my-hood.app */;
			productType = "com.apple.product-type.application";
		};
/* End PBXNativeTarget section */

/* Begin PBXProject section */
		3EDC56981CF5F01700264346 /* Project object */ = {
			isa = PBXProject;
			attributes = {
				LastSwiftUpdateCheck = 0730;
				LastUpgradeCheck = 0730;
				ORGANIZATIONNAME = "Mehdi Silini";
				TargetAttributes = {
					3EDC569F1CF5F01700264346 = {
						CreatedOnToolsVersion = 7.3.1;
						DevelopmentTeam = 2XVP3SU67Y;
					};
				};
			};
			buildConfigurationList = 3EDC569B1CF5F01700264346 /* Build configuration list for PBXProject "my-hood" */;
			compatibilityVersion = "Xcode 3.2";
			developmentRegion = English;
			hasScannedForEncodings = 0;
			knownRegions = (
				en,
				Base,
			);
			mainGroup = 3EDC56971CF5F01700264346;
			productRefGroup = 3EDC56A11CF5F01700264346 /* Products */;
			projectDirPath = "";
			projectRoot = "";
			targets = (
				3EDC569F1CF5F01700264346 /* my-hood */,
			);
		};
/* End PBXProject section */

/* Begin PBXResourcesBuildPhase section */
		3EDC569E1CF5F01700264346 /* Resources */ = {
			isa = PBXResourcesBuildPhase;
			buildActionMask = 2147483647;
			files = (
				3EDC56AE1CF5F01700264346 /* LaunchScreen.storyboard in Resources */,
				3EDC56AB1CF5F01700264346 /* Assets.xcassets in Resources */,
				3EDC56A91CF5F01700264346 /* Main.storyboard in Resources */,
			);
			runOnlyForDeploymentPostprocessing = 0;
		};
/* End PBXResourcesBuildPhase section */

/* Begin PBXSourcesBuildPhase section */
		3EDC569C1CF5F01700264346 /* Sources */ = {
			isa = PBXSourcesBuildPhase;
			buildActionMask = 2147483647;
			files = (
				3EDC56BD1CF6012A00264346 /* addPostVC.swift in Sources */,
				3EDC56B71CF5F04000264346 /* Post.swift in Sources */,
				3EDC56A61CF5F01700264346 /* ViewController.swift in Sources */,
				3EDC56C01CF60B1900264346 /* DataService.swift in Sources */,
				3EDC56A41CF5F01700264346 /* AppDelegate.swift in Sources */,
				3EDC56BA1CF5FB8200264346 /* PostCell.swift in Sources */,
			);
			runOnlyForDeploymentPostprocessing = 0;
		};
/* End PBXSourcesBuildPhase section */

/* Begin PBXVariantGroup section */
		3EDC56A71CF5F01700264346 /* Main.storyboard */ = {
			isa = PBXVariantGroup;
			children = (
				3EDC56A81CF5F01700264346 /* Base */,
			);
			name = Main.storyboard;
			sourceTree = "<group>";
		};
		3EDC56AC1CF5F01700264346 /* LaunchScreen.storyboard */ = {
			isa = PBXVariantGroup;
			children = (
				3EDC56AD1CF5F01700264346 /* Base */,
			);
			name = LaunchScreen.storyboard;
			sourceTree = "<group>";
		};
/* End PBXVariantGroup section */

/* Begin XCBuildConfiguration section */
		3EDC56B01CF5F01700264346 /* Debug */ = {
			isa = XCBuildConfiguration;
			buildSettings = {
				ALWAYS_SEARCH_USER_PATHS = NO;
				CLANG_ANALYZER_NONNULL = YES;
				CLANG_CXX_LANGUAGE_STANDARD = "gnu++0x";
				CLANG_CXX_LIBRARY = "libc++";
				CLANG_ENABLE_MODULES = YES;
				CLANG_ENABLE_OBJC_ARC = YES;
				CLANG_WARN_BOOL_CONVERSION = YES;
				CLANG_WARN_CONSTANT_CONVERSION = YES;
				CLANG_WARN_DIRECT_OBJC_ISA_USAGE = YES_ERROR;
				CLANG_WARN_EMPTY_BODY = YES;
				CLANG_WARN_ENUM_CONVERSION = YES;
				CLANG_WARN_INT_CONVERSION = YES;
				CLANG_WARN_OBJC_ROOT_CLASS = YES_ERROR;
				CLANG_WARN_UNREACHABLE_CODE = YES;
				CLANG_WARN__DUPLICATE_METHOD_MATCH = YES;
				"CODE_SIGN_IDENTITY[sdk=iphoneos*]" = "iPhone Developer";
				COPY_PHASE_STRIP = NO;
				DEBUG_INFORMATION_FORMAT = dwarf;
				ENABLE_STRICT_OBJC_MSGSEND = YES;
				ENABLE_TESTABILITY = YES;
				GCC_C_LANGUAGE_STANDARD = gnu99;
				GCC_DYNAMIC_NO_PIC = NO;
				GCC_NO_COMMON_BLOCKS = YES;
				GCC_OPTIMIZATION_LEVEL = 0;
				GCC_PREPROCESSOR_DEFINITIONS = (
					"DEBUG=1",
					"$(inherited)",
				);
				GCC_WARN_64_TO_32_BIT_CONVERSION = YES;
				GCC_WARN_ABOUT_RETURN_TYPE = YES_ERROR;
				GCC_WARN_UNDECLARED_SELECTOR = YES;
				GCC_WARN_UNINITIALIZED_AUTOS = YES_AGGRESSIVE;
				GCC_WARN_UNUSED_FUNCTION = YES;
				GCC_WARN_UNUSED_VARIABLE = YES;
				IPHONEOS_DEPLOYMENT_TARGET = 9.3;
				MTL_ENABLE_DEBUG_INFO = YES;
				ONLY_ACTIVE_ARCH = YES;
				SDKROOT = iphoneos;
				SWIFT_OPTIMIZATION_LEVEL = "-Onone";
				TARGETED_DEVICE_FAMILY = "1,2";
			};
			name = Debug;
		};
		3EDC56B11CF5F01700264346 /* Release */ = {
			isa = XCBuildConfiguration;
			buildSettings = {
				ALWAYS_SEARCH_USER_PATHS = NO;
				CLANG_ANALYZER_NONNULL = YES;
				CLANG_CXX_LANGUAGE_STANDARD = "gnu++0x";
				CLANG_CXX_LIBRARY = "libc++";
				CLANG_ENABLE_MODULES = YES;
				CLANG_ENABLE_OBJC_ARC = YES;
				CLANG_WARN_BOOL_CONVERSION = YES;
				CLANG_WARN_CONSTANT_CONVERSION = YES;
				CLANG_WARN_DIRECT_OBJC_ISA_USAGE = YES_ERROR;
				CLANG_WARN_EMPTY_BODY = YES;
				CLANG_WARN_ENUM_CONVERSION = YES;
				CLANG_WARN_INT_CONVERSION = YES;
				CLANG_WARN_OBJC_ROOT_CLASS = YES_ERROR;
				CLANG_WARN_UNREACHABLE_CODE = YES;
				CLANG_WARN__DUPLICATE_METHOD_MATCH = YES;
				"CODE_SIGN_IDENTITY[sdk=iphoneos*]" = "iPhone Developer";
				COPY_PHASE_STRIP = NO;
				DEBUG_INFORMATION_FORMAT = "dwarf-with-dsym";
				ENABLE_NS_ASSERTIONS = NO;
				ENABLE_STRICT_OBJC_MSGSEND = YES;
				GCC_C_LANGUAGE_STANDARD = gnu99;
				GCC_NO_COMMON_BLOCKS = YES;
				GCC_WARN_64_TO_32_BIT_CONVERSION = YES;
				GCC_WARN_ABOUT_RETURN_TYPE = YES_ERROR;
				GCC_WARN_UNDECLARED_SELECTOR = YES;
				GCC_WARN_UNINITIALIZED_AUTOS = YES_AGGRESSIVE;
				GCC_WARN_UNUSED_FUNCTION = YES;
				GCC_WARN_UNUSED_VARIABLE = YES;
				IPHONEOS_DEPLOYMENT_TARGET = 9.3;
				MTL_ENABLE_DEBUG_INFO = NO;
				SDKROOT = iphoneos;
				TARGETED_DEVICE_FAMILY = "1,2";
				VALIDATE_PRODUCT = YES;
			};
			name = Release;
		};
		3EDC56B31CF5F01700264346 /* Debug */ = {
			isa = XCBuildConfiguration;
			buildSettings = {
				ASSETCATALOG_COMPILER_APPICON_NAME = AppIcon;
				INFOPLIST_FILE = "my-hood/Info.plist";
				LD_RUNPATH_SEARCH_PATHS = "$(inherited) @executable_path/Frameworks";
				PRODUCT_BUNDLE_IDENTIFIER = "com.test.my-hood";
				PRODUCT_NAME = "$(TARGET_NAME)";
			};
			name = Debug;
		};
		3EDC56B41CF5F01700264346 /* Release */ = {
			isa = XCBuildConfiguration;
			buildSettings = {
				ASSETCATALOG_COMPILER_APPICON_NAME = AppIcon;
				INFOPLIST_FILE = "my-hood/Info.plist";
				LD_RUNPATH_SEARCH_PATHS = "$(inherited) @executable_path/Frameworks";
				PRODUCT_BUNDLE_IDENTIFIER = "com.test.my-hood";
				PRODUCT_NAME = "$(TARGET_NAME)";
			};
			name = Release;
		};
/* End XCBuildConfiguration section */

/* Begin XCConfigurationList section */
		3EDC569B1CF5F01700264346 /* Build configuration list for PBXProject "my-hood" */ = {
			isa = XCConfigurationList;
			buildConfigurations = (
				3EDC56B01CF5F01700264346 /* Debug */,
				3EDC56B11CF5F01700264346 /* Release */,
			);
			defaultConfigurationIsVisible = 0;
			defaultConfigurationName = Release;
		};
		3EDC56B21CF5F01700264346 /* Build configuration list for PBXNativeTarget "my-hood" */ = {
			isa = XCConfigurationList;
			buildConfigurations = (
				3EDC56B31CF5F01700264346 /* Debug */,
				3EDC56B41CF5F01700264346 /* Release */,
			);
			defaultConfigurationIsVisible = 0;
		};
/* End XCConfigurationList section */
	};
	rootObject = 3EDC56981CF5F01700264346 /* Project object */;
}
